
Microsoft Visual Studio Solution File, Format Version 12.00
# Visual Studio 15
Project("{FAE04EC0-301F-11D3-BF4B-00C04F79EFBC}") = "SafeNotes.Android", "SafeNotes.Android\SafeNotes.Android.csproj", "{EC0891D6-F627-4E3C-AC5E-C4833318EA30}"
EndProject
Project("{FAE04EC0-301F-11D3-BF4B-00C04F79EFBC}") = "SafeNotes.iOS", "SafeNotes.iOS\SafeNotes.iOS.csproj", "{281DE82E-299D-4658-B51A-602ABBA50D57}"
EndProject
Project("{FAE04EC0-301F-11D3-BF4B-00C04F79EFBC}") = "SafeNotes", "SafeNotes\SafeNotes.csproj", "{6AEE797C-43A8-4657-8901-B4618B0102A2}"
EndProject
Global
	GlobalSection(SolutionConfigurationPlatforms) = preSolution
		Debug|Any CPU = Debug|Any CPU
		Release|Any CPU = Release|Any CPU
		Debug|iPhoneSimulator = Debug|iPhoneSimulator
		Release|iPhoneSimulator = Release|iPhoneSimulator
		Debug|iPhone = Debug|iPhone
		Release|iPhone = Release|iPhone
	EndGlobalSection
	GlobalSection(ProjectConfigurationPlatforms) = postSolution
		{EC0891D6-F627-4E3C-AC5E-C4833318EA30}.Debug|Any CPU.ActiveCfg = Debug|Any CPU
		{EC0891D6-F627-4E3C-AC5E-C4833318EA30}.Debug|Any CPU.Build.0 = Debug|Any CPU
		{EC0891D6-F627-4E3C-AC5E-C4833318EA30}.Release|Any CPU.ActiveCfg = Release|Any CPU
		{EC0891D6-F627-4E3C-AC5E-C4833318EA30}.Release|Any CPU.Build.0 = Release|Any CPU
		{EC0891D6-F627-4E3C-AC5E-C4833318EA30}.Debug|iPhoneSimulator.ActiveCfg = Debug|Any CPU
		{EC0891D6-F627-4E3C-AC5E-C4833318EA30}.Debug|iPhoneSimulator.Build.0 = Debug|Any CPU
		{EC0891D6-F627-4E3C-AC5E-C4833318EA30}.Release|iPhoneSimulator.ActiveCfg = Release|Any CPU
		{EC0891D6-F627-4E3C-AC5E-C4833318EA30}.Release|iPhoneSimulator.Build.0 = Release|Any CPU
		{EC0891D6-F627-4E3C-AC5E-C4833318EA30}.Debug|iPhone.ActiveCfg = Debug|Any CPU
		{EC0891D6-F627-4E3C-AC5E-C4833318EA30}.Debug|iPhone.Build.0 = Debug|Any CPU
		{EC0891D6-F627-4E3C-AC5E-C4833318EA30}.Release|iPhone.ActiveCfg = Release|Any CPU
		{EC0891D6-F627-4E3C-AC5E-C4833318EA30}.Release|iPhone.Build.0 = Release|Any CPU
		{281DE82E-299D-4658-B51A-602ABBA50D57}.Debug|Any CPU.ActiveCfg = Debug|iPhoneSimulator
		{281DE82E-299D-4658-B51A-602ABBA50D57}.Debug|Any CPU.Build.0 = Debug|iPhoneSimulator
		{281DE82E-299D-4658-B51A-602ABBA50D57}.Release|Any CPU.ActiveCfg = Release|iPhoneSimulator
		{281DE82E-299D-4658-B51A-602ABBA50D57}.Release|Any CPU.Build.0 = Release|iPhoneSimulator
		{281DE82E-299D-4658-B51A-602ABBA50D57}.Debug|iPhoneSimulator.ActiveCfg = Debug|iPhoneSimulator
		{281DE82E-299D-4658-B51A-602ABBA50D57}.Debug|iPhoneSimulator.Build.0 = Debug|iPhoneSimulator
		{281DE82E-299D-4658-B51A-602ABBA50D57}.Release|iPhoneSimulator.ActiveCfg = Release|iPhoneSimulator
		{281DE82E-299D-4658-B51A-602ABBA50D57}.Release|iPhoneSimulator.Build.0 = Release|iPhoneSimulator
		{281DE82E-299D-4658-B51A-602ABBA50D57}.Debug|iPhone.ActiveCfg = Debug|iPhone
		{281DE82E-299D-4658-B51A-602ABBA50D57}.Debug|iPhone.Build.0 = Debug|iPhone
		{281DE82E-299D-4658-B51A-602ABBA50D57}.Release|iPhone.ActiveCfg = Release|iPhone
		{281DE82E-299D-4658-B51A-602ABBA50D57}.Release|iPhone.Build.0 = Release|iPhone
		{6AEE797C-43A8-4657-8901-B4618B0102A2}.Debug|Any CPU.ActiveCfg = Debug|Any CPU
		{6AEE797C-43A8-4657-8901-B4618B0102A2}.Debug|Any CPU.Build.0 = Debug|Any CPU
		{6AEE797C-43A8-4657-8901-B4618B0102A2}.Release|Any CPU.ActiveCfg = Release|Any CPU
		{6AEE797C-43A8-4657-8901-B4618B0102A2}.Release|Any CPU.Build.0 = Release|Any CPU
		{6AEE797C-43A8-4657-8901-B4618B0102A2}.Debug|iPhoneSimulator.ActiveCfg = Debug|Any CPU
		{6AEE797C-43A8-4657-8901-B4618B0102A2}.Debug|iPhoneSimulator.Build.0 = Debug|Any CPU
		{6AEE797C-43A8-4657-8901-B4618B0102A2}.Release|iPhoneSimulator.ActiveCfg = Release|Any CPU
		{6AEE797C-43A8-4657-8901-B4618B0102A2}.Release|iPhoneSimulator.Build.0 = Release|Any CPU
		{6AEE797C-43A8-4657-8901-B4618B0102A2}.Debug|iPhone.ActiveCfg = Debug|Any CPU
		{6AEE797C-43A8-4657-8901-B4618B0102A2}.Debug|iPhone.Build.0 = Debug|Any CPU
		{6AEE797C-43A8-4657-8901-B4618B0102A2}.Release|iPhone.ActiveCfg = Release|Any CPU
		{6AEE797C-43A8-4657-8901-B4618B0102A2}.Release|iPhone.Build.0 = Release|Any CPU
	EndGlobalSection
EndGlobal
